
Microsoft Visual Studio Solution File, Format Version 12.00
# Visual Studio 15
VisualStudioVersion = 15.0.28307.645
MinimumVisualStudioVersion = 10.0.40219.1
Project("{FAE04EC0-301F-11D3-BF4B-00C04F79EFBC}") = "Project1", "Project1\Project1.csproj", "{CE7339F5-0A4C-43CE-A825-1EE5453F1706}"
EndProject
Global
	GlobalSection(SolutionConfigurationPlatforms) = preSolution
		Debug|Any CPU = Debug|Any CPU
		Release|Any CPU = Release|Any CPU
	EndGlobalSection
	GlobalSection(ProjectConfigurationPlatforms) = postSolution
		{CE7339F5-0A4C-43CE-A825-1EE5453F1706}.Debug|Any CPU.ActiveCfg = Debug|Any CPU
		{CE7339F5-0A4C-43CE-A825-1EE5453F1706}.Debug|Any CPU.Build.0 = Debug|Any CPU
		{CE7339F5-0A4C-43CE-A825-1EE5453F1706}.Release|Any CPU.ActiveCfg = Release|Any CPU
		{CE7339F5-0A4C-43CE-A825-1EE5453F1706}.Release|Any CPU.Build.0 = Release|Any CPU
	EndGlobalSection
	GlobalSection(SolutionProperties) = preSolution
		HideSolutionNode = FALSE
	EndGlobalSection
	GlobalSection(ExtensibilityGlobals) = postSolution
		SolutionGuid = {7D61BA00-38C6-4F36-BC30-F9795A0A9F0F}
	EndGlobalSection
EndGlobal
